
Microsoft Visual Studio Solution File, Format Version 12.00
# Visual Studio Version 16
VisualStudioVersion = 16.0.29806.167
MinimumVisualStudioVersion = 10.0.40219.1
Project("{FAE04EC0-301F-11D3-BF4B-00C04F79EFBC}") = "QrMaker", "QrMaker\QrMaker.csproj", "{DB687468-869B-4F29-8488-12960FAD8C8B}"
EndProject
Global
	GlobalSection(SolutionConfigurationPlatforms) = preSolution
		Debug|Any CPU = Debug|Any CPU
		Release|Any CPU = Release|Any CPU
	EndGlobalSection
	GlobalSection(ProjectConfigurationPlatforms) = postSolution
		{DB687468-869B-4F29-8488-12960FAD8C8B}.Debug|Any CPU.ActiveCfg = Debug|Any CPU
		{DB687468-869B-4F29-8488-12960FAD8C8B}.Debug|Any CPU.Build.0 = Debug|Any CPU
		{DB687468-869B-4F29-8488-12960FAD8C8B}.Release|Any CPU.ActiveCfg = Release|Any CPU
		{DB687468-869B-4F29-8488-12960FAD8C8B}.Release|Any CPU.Build.0 = Release|Any CPU
	EndGlobalSection
	GlobalSection(SolutionProperties) = preSolution
		HideSolutionNode = FALSE
	EndGlobalSection
	GlobalSection(ExtensibilityGlobals) = postSolution
		SolutionGuid = {D5F58E39-FFE0-47A7-866B-7BBE7AA4AF74}
	EndGlobalSection
EndGlobal
